
Microsoft Visual Studio Solution File, Format Version 12.00
# Visual Studio 15
VisualStudioVersion = 15.0.28010.2019
MinimumVisualStudioVersion = 10.0.40219.1
Project("{2150E333-8FDC-42A3-9474-1A3956D46DE8}") = "Solution Items", "Solution Items", "{F3A7A49B-C9D5-4BAD-B807-950955C1EF49}"
	ProjectSection(SolutionItems) = preProject
		README.md = README.md
	EndProjectSection
EndProject
Project("{2150E333-8FDC-42A3-9474-1A3956D46DE8}") = "Library", "Library", "{7464FD39-4D3A-4D2C-A33C-69FB77E82D9A}"
EndProject
Project("{2150E333-8FDC-42A3-9474-1A3956D46DE8}") = "Program", "Program", "{CA2056B2-8D6B-4876-80FF-D3CC1FB44763}"
EndProject
Project("{FAE04EC0-301F-11D3-BF4B-00C04F79EFBC}") = "MAF.EKE.OCP.ShapesDemo", "Program\MAF.EKE.OCP.ShapesDemo\MAF.EKE.OCP.ShapesDemo.csproj", "{D3A43E40-D7CB-4885-AD2D-258A743F6ABA}"
EndProject
Project("{FAE04EC0-301F-11D3-BF4B-00C04F79EFBC}") = "MAF.EKE.OCP.Shapes", "Library\MAF.EKE.OCP.Shapes\MAF.EKE.OCP.Shapes.csproj", "{E378CF45-6B5F-4A1C-AFF6-FB76AEEC1A2E}"
EndProject
Project("{FAE04EC0-301F-11D3-BF4B-00C04F79EFBC}") = "MAF.EKE.OCP.ShapesDemo2", "Program\MAF.EKE.OCP.ShapesDemo2\MAF.EKE.OCP.ShapesDemo2.csproj", "{96BBAE37-9579-43DB-9434-D3AF21ECA009}"
EndProject
Project("{FAE04EC0-301F-11D3-BF4B-00C04F79EFBC}") = "MAF.EKE.OCP.Shapes.Test", "Library\MAF.EKE.OCP.Shapes.Test\MAF.EKE.OCP.Shapes.Test.csproj", "{109A25E6-2227-4BD3-BFCA-78D44ABE8248}"
EndProject
Global
	GlobalSection(SolutionConfigurationPlatforms) = preSolution
		Debug|Any CPU = Debug|Any CPU
		Debug|ARM = Debug|ARM
		Debug|x64 = Debug|x64
		Debug|x86 = Debug|x86
		Release|Any CPU = Release|Any CPU
		Release|ARM = Release|ARM
		Release|x64 = Release|x64
		Release|x86 = Release|x86
	EndGlobalSection
	GlobalSection(ProjectConfigurationPlatforms) = postSolution
		{D3A43E40-D7CB-4885-AD2D-258A743F6ABA}.Debug|Any CPU.ActiveCfg = Debug|Any CPU
		{D3A43E40-D7CB-4885-AD2D-258A743F6ABA}.Debug|Any CPU.Build.0 = Debug|Any CPU
		{D3A43E40-D7CB-4885-AD2D-258A743F6ABA}.Debug|ARM.ActiveCfg = Debug|Any CPU
		{D3A43E40-D7CB-4885-AD2D-258A743F6ABA}.Debug|ARM.Build.0 = Debug|Any CPU
		{D3A43E40-D7CB-4885-AD2D-258A743F6ABA}.Debug|x64.ActiveCfg = Debug|Any CPU
		{D3A43E40-D7CB-4885-AD2D-258A743F6ABA}.Debug|x64.Build.0 = Debug|Any CPU
		{D3A43E40-D7CB-4885-AD2D-258A743F6ABA}.Debug|x86.ActiveCfg = Debug|Any CPU
		{D3A43E40-D7CB-4885-AD2D-258A743F6ABA}.Debug|x86.Build.0 = Debug|Any CPU
		{D3A43E40-D7CB-4885-AD2D-258A743F6ABA}.Release|Any CPU.ActiveCfg = Release|Any CPU
		{D3A43E40-D7CB-4885-AD2D-258A743F6ABA}.Release|Any CPU.Build.0 = Release|Any CPU
		{D3A43E40-D7CB-4885-AD2D-258A743F6ABA}.Release|ARM.ActiveCfg = Release|Any CPU
		{D3A43E40-D7CB-4885-AD2D-258A743F6ABA}.Release|ARM.Build.0 = Release|Any CPU
		{D3A43E40-D7CB-4885-AD2D-258A743F6ABA}.Release|x64.ActiveCfg = Release|Any CPU
		{D3A43E40-D7CB-4885-AD2D-258A743F6ABA}.Release|x64.Build.0 = Release|Any CPU
		{D3A43E40-D7CB-4885-AD2D-258A743F6ABA}.Release|x86.ActiveCfg = Release|Any CPU
		{D3A43E40-D7CB-4885-AD2D-258A743F6ABA}.Release|x86.Build.0 = Release|Any CPU
		{E378CF45-6B5F-4A1C-AFF6-FB76AEEC1A2E}.Debug|Any CPU.ActiveCfg = Debug|Any CPU
		{E378CF45-6B5F-4A1C-AFF6-FB76AEEC1A2E}.Debug|Any CPU.Build.0 = Debug|Any CPU
		{E378CF45-6B5F-4A1C-AFF6-FB76AEEC1A2E}.Debug|ARM.ActiveCfg = Debug|Any CPU
		{E378CF45-6B5F-4A1C-AFF6-FB76AEEC1A2E}.Debug|ARM.Build.0 = Debug|Any CPU
		{E378CF45-6B5F-4A1C-AFF6-FB76AEEC1A2E}.Debug|x64.ActiveCfg = Debug|Any CPU
		{E378CF45-6B5F-4A1C-AFF6-FB76AEEC1A2E}.Debug|x64.Build.0 = Debug|Any CPU
		{E378CF45-6B5F-4A1C-AFF6-FB76AEEC1A2E}.Debug|x86.ActiveCfg = Debug|Any CPU
		{E378CF45-6B5F-4A1C-AFF6-FB76AEEC1A2E}.Debug|x86.Build.0 = Debug|Any CPU
		{E378CF45-6B5F-4A1C-AFF6-FB76AEEC1A2E}.Release|Any CPU.ActiveCfg = Release|Any CPU
		{E378CF45-6B5F-4A1C-AFF6-FB76AEEC1A2E}.Release|Any CPU.Build.0 = Release|Any CPU
		{E378CF45-6B5F-4A1C-AFF6-FB76AEEC1A2E}.Release|ARM.ActiveCfg = Release|Any CPU
		{E378CF45-6B5F-4A1C-AFF6-FB76AEEC1A2E}.Release|ARM.Build.0 = Release|Any CPU
		{E378CF45-6B5F-4A1C-AFF6-FB76AEEC1A2E}.Release|x64.ActiveCfg = Release|Any CPU
		{E378CF45-6B5F-4A1C-AFF6-FB76AEEC1A2E}.Release|x64.Build.0 = Release|Any CPU
		{E378CF45-6B5F-4A1C-AFF6-FB76AEEC1A2E}.Release|x86.ActiveCfg = Release|Any CPU
		{E378CF45-6B5F-4A1C-AFF6-FB76AEEC1A2E}.Release|x86.Build.0 = Release|Any CPU
		{96BBAE37-9579-43DB-9434-D3AF21ECA009}.Debug|Any CPU.ActiveCfg = Debug|Any CPU
		{96BBAE37-9579-43DB-9434-D3AF21ECA009}.Debug|Any CPU.Build.0 = Debug|Any CPU
		{96BBAE37-9579-43DB-9434-D3AF21ECA009}.Debug|ARM.ActiveCfg = Debug|Any CPU
		{96BBAE37-9579-43DB-9434-D3AF21ECA009}.Debug|ARM.Build.0 = Debug|Any CPU
		{96BBAE37-9579-43DB-9434-D3AF21ECA009}.Debug|x64.ActiveCfg = Debug|Any CPU
		{96BBAE37-9579-43DB-9434-D3AF21ECA009}.Debug|x64.Build.0 = Debug|Any CPU
		{96BBAE37-9579-43DB-9434-D3AF21ECA009}.Debug|x86.ActiveCfg = Debug|Any CPU
		{96BBAE37-9579-43DB-9434-D3AF21ECA009}.Debug|x86.Build.0 = Debug|Any CPU
		{96BBAE37-9579-43DB-9434-D3AF21ECA009}.Release|Any CPU.ActiveCfg = Release|Any CPU
		{96BBAE37-9579-43DB-9434-D3AF21ECA009}.Release|Any CPU.Build.0 = Release|Any CPU
		{96BBAE37-9579-43DB-9434-D3AF21ECA009}.Release|ARM.ActiveCfg = Release|Any CPU
		{96BBAE37-9579-43DB-9434-D3AF21ECA009}.Release|ARM.Build.0 = Release|Any CPU
		{96BBAE37-9579-43DB-9434-D3AF21ECA009}.Release|x64.ActiveCfg = Release|Any CPU
		{96BBAE37-9579-43DB-9434-D3AF21ECA009}.Release|x64.Build.0 = Release|Any CPU
		{96BBAE37-9579-43DB-9434-D3AF21ECA009}.Release|x86.ActiveCfg = Release|Any CPU
		{96BBAE37-9579-43DB-9434-D3AF21ECA009}.Release|x86.Build.0 = Release|Any CPU
		{109A25E6-2227-4BD3-BFCA-78D44ABE8248}.Debug|Any CPU.ActiveCfg = Debug|Any CPU
		{109A25E6-2227-4BD3-BFCA-78D44ABE8248}.Debug|Any CPU.Build.0 = Debug|Any CPU
		{109A25E6-2227-4BD3-BFCA-78D44ABE8248}.Debug|ARM.ActiveCfg = Debug|Any CPU
		{109A25E6-2227-4BD3-BFCA-78D44ABE8248}.Debug|ARM.Build.0 = Debug|Any CPU
		{109A25E6-2227-4BD3-BFCA-78D44ABE8248}.Debug|x64.ActiveCfg = Debug|Any CPU
		{109A25E6-2227-4BD3-BFCA-78D44ABE8248}.Debug|x64.Build.0 = Debug|Any CPU
		{109A25E6-2227-4BD3-BFCA-78D44ABE8248}.Debug|x86.ActiveCfg = Debug|Any CPU
		{109A25E6-2227-4BD3-BFCA-78D44ABE8248}.Debug|x86.Build.0 = Debug|Any CPU
		{109A25E6-2227-4BD3-BFCA-78D44ABE8248}.Release|Any CPU.ActiveCfg = Release|Any CPU
		{109A25E6-2227-4BD3-BFCA-78D44ABE8248}.Release|Any CPU.Build.0 = Release|Any CPU
		{109A25E6-2227-4BD3-BFCA-78D44ABE8248}.Release|ARM.ActiveCfg = Release|Any CPU
		{109A25E6-2227-4BD3-BFCA-78D44ABE8248}.Release|ARM.Build.0 = Release|Any CPU
		{109A25E6-2227-4BD3-BFCA-78D44ABE8248}.Release|x64.ActiveCfg = Release|Any CPU
		{109A25E6-2227-4BD3-BFCA-78D44ABE8248}.Release|x64.Build.0 = Release|Any CPU
		{109A25E6-2227-4BD3-BFCA-78D44ABE8248}.Release|x86.ActiveCfg = Release|Any CPU
		{109A25E6-2227-4BD3-BFCA-78D44ABE8248}.Release|x86.Build.0 = Release|Any CPU
	EndGlobalSection
	GlobalSection(SolutionProperties) = preSolution
		HideSolutionNode = FALSE
	EndGlobalSection
	GlobalSection(NestedProjects) = preSolution
		{D3A43E40-D7CB-4885-AD2D-258A743F6ABA} = {CA2056B2-8D6B-4876-80FF-D3CC1FB44763}
		{E378CF45-6B5F-4A1C-AFF6-FB76AEEC1A2E} = {7464FD39-4D3A-4D2C-A33C-69FB77E82D9A}
		{96BBAE37-9579-43DB-9434-D3AF21ECA009} = {CA2056B2-8D6B-4876-80FF-D3CC1FB44763}
		{109A25E6-2227-4BD3-BFCA-78D44ABE8248} = {7464FD39-4D3A-4D2C-A33C-69FB77E82D9A}
	EndGlobalSection
	GlobalSection(ExtensibilityGlobals) = postSolution
		SolutionGuid = {8F2D461C-8A7A-4586-8D67-E991B04FF2DB}
	EndGlobalSection
EndGlobal
