
Microsoft Visual Studio Solution File, Format Version 12.00
# Visual Studio 15
VisualStudioVersion = 15.0.27130.2010
MinimumVisualStudioVersion = 10.0.40219.1
Project("{FAE04EC0-301F-11D3-BF4B-00C04F79EFBC}") = "kataKlizma", "kataKlizma\kataKlizma.csproj", "{F23A88B1-5819-4BE0-B014-AB3FAEE40F13}"
EndProject
Project("{FAE04EC0-301F-11D3-BF4B-00C04F79EFBC}") = "kata", "kata\kata.csproj", "{AD8ED165-1B1D-4755-AF37-B4A74F7F39FB}"
EndProject
Project("{2150E333-8FDC-42A3-9474-1A3956D46DE8}") = "Solution Items", "Solution Items", "{65E516DF-5902-4773-9D13-20B50E307362}"
	ProjectSection(SolutionItems) = preProject
		README.md = README.md
	EndProjectSection
EndProject
Global
	GlobalSection(SolutionConfigurationPlatforms) = preSolution
		Debug|Any CPU = Debug|Any CPU
		Release|Any CPU = Release|Any CPU
	EndGlobalSection
	GlobalSection(ProjectConfigurationPlatforms) = postSolution
		{F23A88B1-5819-4BE0-B014-AB3FAEE40F13}.Debug|Any CPU.ActiveCfg = Debug|Any CPU
		{F23A88B1-5819-4BE0-B014-AB3FAEE40F13}.Debug|Any CPU.Build.0 = Debug|Any CPU
		{F23A88B1-5819-4BE0-B014-AB3FAEE40F13}.Release|Any CPU.ActiveCfg = Release|Any CPU
		{F23A88B1-5819-4BE0-B014-AB3FAEE40F13}.Release|Any CPU.Build.0 = Release|Any CPU
		{AD8ED165-1B1D-4755-AF37-B4A74F7F39FB}.Debug|Any CPU.ActiveCfg = Debug|Any CPU
		{AD8ED165-1B1D-4755-AF37-B4A74F7F39FB}.Debug|Any CPU.Build.0 = Debug|Any CPU
		{AD8ED165-1B1D-4755-AF37-B4A74F7F39FB}.Release|Any CPU.ActiveCfg = Release|Any CPU
		{AD8ED165-1B1D-4755-AF37-B4A74F7F39FB}.Release|Any CPU.Build.0 = Release|Any CPU
	EndGlobalSection
	GlobalSection(SolutionProperties) = preSolution
		HideSolutionNode = FALSE
	EndGlobalSection
	GlobalSection(ExtensibilityGlobals) = postSolution
		SolutionGuid = {FBCC0588-4BBB-4D80-9EE0-B36810D7C754}
	EndGlobalSection
EndGlobal
